
Microsoft Visual Studio Solution File, Format Version 12.00
# Visual Studio Version 17
VisualStudioVersion = 17.7.34202.233
MinimumVisualStudioVersion = 10.0.40219.1
Project("{FAE04EC0-301F-11D3-BF4B-00C04F79EFBC}") = "Keyboard", "Keyboard.csproj", "{CDAFC976-7261-408B-B864-CE6A18121BEC}"
EndProject
Global
	GlobalSection(SolutionConfigurationPlatforms) = preSolution
		Debug|Any CPU = Debug|Any CPU
		Release|Any CPU = Release|Any CPU
	EndGlobalSection
	GlobalSection(ProjectConfigurationPlatforms) = postSolution
		{CDAFC976-7261-408B-B864-CE6A18121BEC}.Debug|Any CPU.ActiveCfg = Debug|Any CPU
		{CDAFC976-7261-408B-B864-CE6A18121BEC}.Debug|Any CPU.Build.0 = Debug|Any CPU
		{CDAFC976-7261-408B-B864-CE6A18121BEC}.Release|Any CPU.ActiveCfg = Release|Any CPU
		{CDAFC976-7261-408B-B864-CE6A18121BEC}.Release|Any CPU.Build.0 = Release|Any CPU
	EndGlobalSection
	GlobalSection(SolutionProperties) = preSolution
		HideSolutionNode = FALSE
	EndGlobalSection
	GlobalSection(ExtensibilityGlobals) = postSolution
		SolutionGuid = {8F050B52-EBDF-4314-BCE8-56DD84D8E0B4}
	EndGlobalSection
EndGlobal
